Microsoft Visual Studio Solution File, Format Version 12.00
# Visual Studio Version 18
VisualStudioVersion = 18.1.11312.151 d18.0
MinimumVisualStudioVersion = 10.0.40219.1
Project("{FAE04EC0-301F-11D3-BF4B-00C04F79EFBC}") = "TimeSeries", "TimeSeries\TimeSeries.csproj", "{24DDF1BB-1AF2-5D22-4907-A2BF0D7E7792}"
EndProject
Global
	GlobalSection(SolutionConfigurationPlatforms) = preSolution
		Debug|Any CPU = Debug|Any CPU
		Release|Any CPU = Release|Any CPU
	EndGlobalSection
	GlobalSection(ProjectConfigurationPlatforms) = postSolution
		{7E947E4C-1AD1-4B24-B0F7-34CD8AF1A684}.Debug|Any CPU.ActiveCfg = Debug|Any CPU
		{7E947E4C-1AD1-4B24-B0F7-34CD8AF1A684}.Debug|Any CPU.Build.0 = Debug|Any CPU
		{7E947E4C-1AD1-4B24-B0F7-34CD8AF1A684}.Release|Any CPU.ActiveCfg = Release|Any CPU
		{7E947E4C-1AD1-4B24-B0F7-34CD8AF1A684}.Release|Any CPU.Build.0 = Release|Any CPU
		{8C60A002-13D3-4F0C-A279-E6CA9D6C3079}.Debug|Any CPU.ActiveCfg = Debug|Any CPU
		{8C60A002-13D3-4F0C-A279-E6CA9D6C3079}.Debug|Any CPU.Build.0 = Debug|Any CPU
		{8C60A002-13D3-4F0C-A279-E6CA9D6C3079}.Release|Any CPU.ActiveCfg = Release|Any CPU
		{8C60A002-13D3-4F0C-A279-E6CA9D6C3079}.Release|Any CPU.Build.0 = Release|Any CPU
		{24DDF1BB-1AF2-5D22-4907-A2BF0D7E7792}.Debug|Any CPU.ActiveCfg = Debug|Any CPU
		{24DDF1BB-1AF2-5D22-4907-A2BF0D7E7792}.Debug|Any CPU.Build.0 = Debug|Any CPU
		{24DDF1BB-1AF2-5D22-4907-A2BF0D7E7792}.Release|Any CPU.ActiveCfg = Release|Any CPU
		{24DDF1BB-1AF2-5D22-4907-A2BF0D7E7792}.Release|Any CPU.Build.0 = Release|Any CPU
	EndGlobalSection
	GlobalSection(SolutionProperties) = preSolution
		HideSolutionNode = FALSE
	EndGlobalSection
EndGlobal
